
Microsoft Visual Studio Solution File, Format Version 12.00
# Visual Studio Version 16
VisualStudioVersion = 16.0.31112.23
MinimumVisualStudioVersion = 10.0.40219.1
Project("{FAE04EC0-301F-11D3-BF4B-00C04F79EFBC}") = "MidiCSharpConsole", "MidiCSharpConsole.csproj", "{03BAB7BC-FBCF-4C5B-ACED-93FCA5D2098E}"
EndProject
Project("{FAE04EC0-301F-11D3-BF4B-00C04F79EFBC}") = "MidiCSharpConsoleTest", "..\MidiCSharpConsoleTest\MidiCSharpConsoleTest.csproj", "{36B9E4AB-4411-4BE8-9F0E-96F2FF5D2C8C}"
EndProject
Global
	GlobalSection(SolutionConfigurationPlatforms) = preSolution
		Debug|Any CPU = Debug|Any CPU
		Release|Any CPU = Release|Any CPU
	EndGlobalSection
	GlobalSection(ProjectConfigurationPlatforms) = postSolution
		{03BAB7BC-FBCF-4C5B-ACED-93FCA5D2098E}.Debug|Any CPU.ActiveCfg = Debug|Any CPU
		{03BAB7BC-FBCF-4C5B-ACED-93FCA5D2098E}.Debug|Any CPU.Build.0 = Debug|Any CPU
		{03BAB7BC-FBCF-4C5B-ACED-93FCA5D2098E}.Release|Any CPU.ActiveCfg = Release|Any CPU
		{03BAB7BC-FBCF-4C5B-ACED-93FCA5D2098E}.Release|Any CPU.Build.0 = Release|Any CPU
		{36B9E4AB-4411-4BE8-9F0E-96F2FF5D2C8C}.Debug|Any CPU.ActiveCfg = Debug|Any CPU
		{36B9E4AB-4411-4BE8-9F0E-96F2FF5D2C8C}.Debug|Any CPU.Build.0 = Debug|Any CPU
		{36B9E4AB-4411-4BE8-9F0E-96F2FF5D2C8C}.Release|Any CPU.ActiveCfg = Release|Any CPU
		{36B9E4AB-4411-4BE8-9F0E-96F2FF5D2C8C}.Release|Any CPU.Build.0 = Release|Any CPU
	EndGlobalSection
	GlobalSection(SolutionProperties) = preSolution
		HideSolutionNode = FALSE
	EndGlobalSection
	GlobalSection(ExtensibilityGlobals) = postSolution
		SolutionGuid = {F3522207-47A5-4D69-B720-BD16EA3F265C}
	EndGlobalSection
EndGlobal
